<Solution>
  <Folder Name="/Data/" />
  <Folder Name="/Data/Assets/">
    <File Path="OOPFinal/GameData/Assets/pixil-frame-0(2).png" />
    <File Path="OOPFinal/GameData/Assets/pixil-frame-0(3).png" />
  </Folder>
  <Folder Name="/Data/Jsons/">
    <File Path="OOPFinal/GameData/Jsons/Items.json" />
    <File Path="OOPFinal/GameData/Jsons/Locations.json" />
  </Folder>
  <Project Path="GameLibrary/Core.csproj" />
  <Project Path="OOPFinal/UI.csproj" />
</Solution>
